schema: '2.0'
stages:
  data_ingestion:
    cmd: python src/data_ingestion.py
    deps:
    - path: src/data_ingestion.py
      hash: md5
      md5: 3fbeb32f8185c13c294ccd397521d3f1
      size: 3628
    params:
      params.yaml:
        data_ingestion.test_size: 0.2041
    outs:
    - path: data/raw
      hash: md5
      md5: 732e900a270440e52c71d7c43b02d133.dir
      size: 484846
      nfiles: 2
  pre-processing:
    cmd: python src/pre-processing.py
    deps:
    - path: data/raw
      hash: md5
      md5: 732e900a270440e52c71d7c43b02d133.dir
      size: 484846
      nfiles: 2
    - path: src/data_ingestion.py
      hash: md5
      md5: 3fbeb32f8185c13c294ccd397521d3f1
      size: 3628
    params:
      params.yaml:
        data_ingestion.test_size: 0.2041
    outs:
    - path: data/interim
      hash: md5
      md5: 66c0f3f941c87b8d373ccb0ecebc23f0.dir
      size: 260359
      nfiles: 2
  feature_enginerring:
    cmd: python src/feature_enginerring.py
    deps:
    - path: data/interim
      hash: md5
      md5: 66c0f3f941c87b8d373ccb0ecebc23f0.dir
      size: 260359
      nfiles: 2
    - path: src/feature_enginerring.py
      hash: md5
      md5: cf8448c21ab5f64a81b288de0c331814
      size: 3910
    params:
      params.yaml:
        feature_engineering.max_features: 56
    outs:
    - path: data/processed
      hash: md5
      md5: 04bf9eece06e239e44221f67e1f055e7.dir
      size: 1316930
      nfiles: 2
  model_training:
    cmd: python src/model_training.py
    deps:
    - path: data/processed
      hash: md5
      md5: 04bf9eece06e239e44221f67e1f055e7.dir
      size: 1316930
      nfiles: 2
    - path: src/model_training.py
      hash: md5
      md5: c56bcb82deb33bb4a1cfaaa894fa5a60
      size: 4424
    params:
      params.yaml:
        model_training.n_estimators: 23
        model_training.random_stat: 4
    outs:
    - path: models/model.pkl
      hash: md5
      md5: 073f58d74cae9037a9c976cbd8d76018
      size: 898153
  model_evaluation:
    cmd: python src/model_evaluation.py
    deps:
    - path: models/model.pkl
      hash: md5
      md5: 073f58d74cae9037a9c976cbd8d76018
      size: 898153
    - path: src/model_evaluation.py
      hash: md5
      md5: b82a2acbd2432c54aa2c830193295982
      size: 4645
    outs:
    - path: reports/metrics.json
      hash: md5
      md5: cd3038728a82dfefd21e457c6e3bb0be
      size: 130
