schema: '2.0'
stages:
  data_ingestion:
    cmd: python src/data_ingestion.py
    deps:
    - path: src/data_ingestion.py
      hash: md5
      md5: 3fbeb32f8185c13c294ccd397521d3f1
      size: 3628
    params:
      params.yaml:
        data_ingestion.test_size: 0.29
    outs:
    - path: data/raw
      hash: md5
      md5: 103217b7e1556e994dc4f7ea08f753c5.dir
      size: 484846
      nfiles: 2
  pre-processing:
    cmd: python src/pre-processing.py
    deps:
    - path: data/raw
      hash: md5
      md5: 103217b7e1556e994dc4f7ea08f753c5.dir
      size: 484846
      nfiles: 2
    - path: src/data_ingestion.py
      hash: md5
      md5: 3fbeb32f8185c13c294ccd397521d3f1
      size: 3628
    params:
      params.yaml:
        data_ingestion.test_size: 0.29
    outs:
    - path: data/interim
      hash: md5
      md5: 12470d82dad3c306635b09dea9363ed9.dir
      size: 262617
      nfiles: 2
  feature_enginerring:
    cmd: python src/feature_enginerring.py
    deps:
    - path: data/interim
      hash: md5
      md5: 12470d82dad3c306635b09dea9363ed9.dir
      size: 262617
      nfiles: 2
    - path: src/feature_enginerring.py
      hash: md5
      md5: cf8448c21ab5f64a81b288de0c331814
      size: 3910
    params:
      params.yaml:
        feature_engineering.max_features: 41
    outs:
    - path: data/processed
      hash: md5
      md5: 25b4aba7bdb8953b4577c18d6a3abcf5.dir
      size: 980471
      nfiles: 2
  model_training:
    cmd: python src/model_training.py
    deps:
    - path: data/processed
      hash: md5
      md5: 25b4aba7bdb8953b4577c18d6a3abcf5.dir
      size: 980471
      nfiles: 2
    - path: src/model_training.py
      hash: md5
      md5: c56bcb82deb33bb4a1cfaaa894fa5a60
      size: 4424
    params:
      params.yaml:
        model_training.n_estimators: 33
        model_training.random_stat: 8
    outs:
    - path: models/model.pkl
      hash: md5
      md5: 17e95f6bc47d269b9ffa77360a64752f
      size: 932018
  model_evaluation:
    cmd: python src/model_evaluation.py
    deps:
    - path: models/model.pkl
      hash: md5
      md5: 17e95f6bc47d269b9ffa77360a64752f
      size: 932018
    - path: src/model_evaluation.py
      hash: md5
      md5: a497310c4b197619ffee0ba61a71273b
      size: 4641
    outs:
    - path: reports/metrics.json
      hash: md5
      md5: 652b9e3a7501b2f8ee1879b81134dd49
      size: 145
